
Microsoft Visual Studio Solution File, Format Version 12.00
# Visual Studio Version 17
VisualStudioVersion = 17.4.33122.133
MinimumVisualStudioVersion = 10.0.40219.1
Project("{FAE04EC0-301F-11D3-BF4B-00C04F79EFBC}") = "ConfluentKafkaDemo", "ConfluentKafkaDemo\ConfluentKafkaDemo.csproj", "{28A0AC6B-FAA6-4B38-80D4-8A71CB4EE2C6}"
EndProject
Project("{FAE04EC0-301F-11D3-BF4B-00C04F79EFBC}") = "KafkaFunctionApp", "KafkaFunctionApp\KafkaFunctionApp.csproj", "{3FD47199-0534-4540-9477-FB85DB7B8A64}"
EndProject
Global
	GlobalSection(SolutionConfigurationPlatforms) = preSolution
		Debug|Any CPU = Debug|Any CPU
		Release|Any CPU = Release|Any CPU
	EndGlobalSection
	GlobalSection(ProjectConfigurationPlatforms) = postSolution
		{28A0AC6B-FAA6-4B38-80D4-8A71CB4EE2C6}.Debug|Any CPU.ActiveCfg = Debug|Any CPU
		{28A0AC6B-FAA6-4B38-80D4-8A71CB4EE2C6}.Debug|Any CPU.Build.0 = Debug|Any CPU
		{28A0AC6B-FAA6-4B38-80D4-8A71CB4EE2C6}.Release|Any CPU.ActiveCfg = Release|Any CPU
		{28A0AC6B-FAA6-4B38-80D4-8A71CB4EE2C6}.Release|Any CPU.Build.0 = Release|Any CPU
		{3FD47199-0534-4540-9477-FB85DB7B8A64}.Debug|Any CPU.ActiveCfg = Debug|Any CPU
		{3FD47199-0534-4540-9477-FB85DB7B8A64}.Debug|Any CPU.Build.0 = Debug|Any CPU
		{3FD47199-0534-4540-9477-FB85DB7B8A64}.Release|Any CPU.ActiveCfg = Release|Any CPU
		{3FD47199-0534-4540-9477-FB85DB7B8A64}.Release|Any CPU.Build.0 = Release|Any CPU
	EndGlobalSection
	GlobalSection(SolutionProperties) = preSolution
		HideSolutionNode = FALSE
	EndGlobalSection
	GlobalSection(ExtensibilityGlobals) = postSolution
		SolutionGuid = {B0DE8CA6-F3D4-460E-8547-B9C98B2BC149}
	EndGlobalSection
EndGlobal
